// !$*UTF8*$!
{
	archiveVersion = 1;
	classes = {
	};
	objectVersion = 48;
	objects = {

/* Begin PBXBuildFile section */
		5245F7C3215A94A80019ECD0 /* AppDelegate.swift in Sources */ = {isa = PBXBuildFile; fileRef = 5245F7C2215A94A80019ECD0 /* AppDelegate.swift */; };
		5245F7C5215A94A80019ECD0 /* ViewController.swift in Sources */ = {isa = PBXBuildFile; fileRef = 5245F7C4215A94A80019ECD0 /* ViewController.swift */; };
		5245F7C8215A94A80019ECD0 /* Main.storyboard in Resources */ = {isa = PBXBuildFile; fileRef = 5245F7C6215A94A80019ECD0 /* Main.storyboard */; };
		5245F7CA215A94A80019ECD0 /* Assets.xcassets in Resources */ = {isa = PBXBuildFile; fileRef = 5245F7C9215A94A80019ECD0 /* Assets.xcassets */; };
		5245F7CD215A94A80019ECD0 /* LaunchScreen.storyboard in Resources */ = {isa = PBXBuildFile; fileRef = 5245F7CB215A94A80019ECD0 /* LaunchScreen.storyboard */; };
		525826B4215B5993003DF08E /* AlipaySDK.bundle in Resources */ = {isa = PBXBuildFile; fileRef = 525826A2215B5993003DF08E /* AlipaySDK.bundle */; };
		525826B5215B5993003DF08E /* OrderPlace.swift in Sources */ = {isa = PBXBuildFile; fileRef = 525826A4215B5993003DF08E /* OrderPlace.swift */; };
		525826B6215B5993003DF08E /* OrderViewController.swift in Sources */ = {isa = PBXBuildFile; fileRef = 525826A5215B5993003DF08E /* OrderViewController.swift */; };
		525826B7215B5993003DF08E /* ConfigService.swift in Sources */ = {isa = PBXBuildFile; fileRef = 525826A6215B5993003DF08E /* ConfigService.swift */; };
		525826B8215B5993003DF08E /* .gitkeep in Resources */ = {isa = PBXBuildFile; fileRef = 525826A7215B5993003DF08E /* .gitkeep */; };
		525826B9215B5993003DF08E /* AlipayService.swift in Sources */ = {isa = PBXBuildFile; fileRef = 525826A9215B5993003DF08E /* AlipayService.swift */; };
		525826BA215B5993003DF08E /* ScannerService.swift in Sources */ = {isa = PBXBuildFile; fileRef = 525826AB215B5993003DF08E /* ScannerService.swift */; };
		525826BB215B5993003DF08E /* GpsService.swift in Sources */ = {isa = PBXBuildFile; fileRef = 525826AC215B5993003DF08E /* GpsService.swift */; };
		525826BC215B5993003DF08E /* CallbackHandler.swift in Sources */ = {isa = PBXBuildFile; fileRef = 525826AD215B5993003DF08E /* CallbackHandler.swift */; };
		525826BD215B5993003DF08E /* ScannerViewController.swift in Sources */ = {isa = PBXBuildFile; fileRef = 525826AE215B5993003DF08E /* ScannerViewController.swift */; };
		525826BE215B5993003DF08E /* OrderPlaceService.swift in Sources */ = {isa = PBXBuildFile; fileRef = 525826AF215B5993003DF08E /* OrderPlaceService.swift */; };
		525826BF215B5993003DF08E /* .gitkeep in Resources */ = {isa = PBXBuildFile; fileRef = 525826B1215B5993003DF08E /* .gitkeep */; };
		525826C0215B5993003DF08E /* OrderPlaceStoryboard.storyboard in Resources */ = {isa = PBXBuildFile; fileRef = 525826B2215B5993003DF08E /* OrderPlaceStoryboard.storyboard */; };
		525826C1215B5993003DF08E /* AlipaySDK.framework in Frameworks */ = {isa = PBXBuildFile; fileRef = 525826B3215B5993003DF08E /* AlipaySDK.framework */; };
		52D2C989215B229F00EE85B5 /* libc++.tbd in Frameworks */ = {isa = PBXBuildFile; fileRef = 52D2C988215B229F00EE85B5 /* libc++.tbd */; };
		52D2C98B215B22A700EE85B5 /* libz.tbd in Frameworks */ = {isa = PBXBuildFile; fileRef = 52D2C98A215B22A700EE85B5 /* libz.tbd */; };
		52D2C98D215B22AD00EE85B5 /* SystemConfiguration.framework in Frameworks */ = {isa = PBXBuildFile; fileRef = 52D2C98C215B22AD00EE85B5 /* SystemConfiguration.framework */; };
		52D2C98F215B22B400EE85B5 /* CoreTelephony.framework in Frameworks */ = {isa = PBXBuildFile; fileRef = 52D2C98E215B22B400EE85B5 /* CoreTelephony.framework */; };
		52D2C991215B22BA00EE85B5 /* QuartzCore.framework in Frameworks */ = {isa = PBXBuildFile; fileRef = 52D2C990215B22BA00EE85B5 /* QuartzCore.framework */; };
		52D2C993215B22C000EE85B5 /* CoreText.framework in Frameworks */ = {isa = PBXBuildFile; fileRef = 52D2C992215B22C000EE85B5 /* CoreText.framework */; };
		52D2C995215B22C600EE85B5 /* CoreGraphics.framework in Frameworks */ = {isa = PBXBuildFile; fileRef = 52D2C994215B22C600EE85B5 /* CoreGraphics.framework */; };
		52D2C997215B22CB00EE85B5 /* UIKit.framework in Frameworks */ = {isa = PBXBuildFile; fileRef = 52D2C996215B22CB00EE85B5 /* UIKit.framework */; };
		52D2C999215B22D200EE85B5 /* Foundation.framework in Frameworks */ = {isa = PBXBuildFile; fileRef = 52D2C998215B22D100EE85B5 /* Foundation.framework */; };
		52D2C99B215B22E400EE85B5 /* CFNetwork.framework in Frameworks */ = {isa = PBXBuildFile; fileRef = 52D2C99A215B22E400EE85B5 /* CFNetwork.framework */; };
		52D2C99D215B22EC00EE85B5 /* CoreMotion.framework in Frameworks */ = {isa = PBXBuildFile; fileRef = 52D2C99C215B22EC00EE85B5 /* CoreMotion.framework */; };
/* End PBXBuildFile section */

/* Begin PBXFileReference section */
		5245F7BF215A94A80019ECD0 /* testCocoapods.app */ = {isa = PBXFileReference; explicitFileType = wrapper.application; includeInIndex = 0; path = testCocoapods.app; sourceTree = BUILT_PRODUCTS_DIR; };
		5245F7C2215A94A80019ECD0 /* AppDelegate.swift */ = {isa = PBXFileReference; lastKnownFileType = sourcecode.swift; path = AppDelegate.swift; sourceTree = "<group>"; };
		5245F7C4215A94A80019ECD0 /* ViewController.swift */ = {isa = PBXFileReference; lastKnownFileType = sourcecode.swift; path = ViewController.swift; sourceTree = "<group>"; };
		5245F7C7215A94A80019ECD0 /* Base */ = {isa = PBXFileReference; lastKnownFileType = file.storyboard; name = Base; path = Base.lproj/Main.storyboard; sourceTree = "<group>"; };
		5245F7C9215A94A80019ECD0 /* Assets.xcassets */ = {isa = PBXFileReference; lastKnownFileType = folder.assetcatalog; path = Assets.xcassets; sourceTree = "<group>"; };
		5245F7CC215A94A80019ECD0 /* Base */ = {isa = PBXFileReference; lastKnownFileType = file.storyboard; name = Base; path = Base.lproj/LaunchScreen.storyboard; sourceTree = "<group>"; };
		5245F7CE215A94A80019ECD0 /* Info.plist */ = {isa = PBXFileReference; lastKnownFileType = text.plist.xml; path = Info.plist; sourceTree = "<group>"; };
		525826A2215B5993003DF08E /* AlipaySDK.bundle */ = {isa = PBXFileReference; lastKnownFileType = "wrapper.plug-in"; path = AlipaySDK.bundle; sourceTree = "<group>"; };
		525826A4215B5993003DF08E /* OrderPlace.swift */ = {isa = PBXFileReference; fileEncoding = 4; lastKnownFileType = sourcecode.swift; path = OrderPlace.swift; sourceTree = "<group>"; };
		525826A5215B5993003DF08E /* OrderViewController.swift */ = {isa = PBXFileReference; fileEncoding = 4; lastKnownFileType = sourcecode.swift; path = OrderViewController.swift; sourceTree = "<group>"; };
		525826A6215B5993003DF08E /* ConfigService.swift */ = {isa = PBXFileReference; fileEncoding = 4; lastKnownFileType = sourcecode.swift; path = ConfigService.swift; sourceTree = "<group>"; };
		525826A7215B5993003DF08E /* .gitkeep */ = {isa = PBXFileReference; fileEncoding = 4; lastKnownFileType = text; path = .gitkeep; sourceTree = "<group>"; };
		525826A9215B5993003DF08E /* AlipayService.swift */ = {isa = PBXFileReference; fileEncoding = 4; lastKnownFileType = sourcecode.swift; path = AlipayService.swift; sourceTree = "<group>"; };
		525826AB215B5993003DF08E /* ScannerService.swift */ = {isa = PBXFileReference; fileEncoding = 4; lastKnownFileType = sourcecode.swift; path = ScannerService.swift; sourceTree = "<group>"; };
		525826AC215B5993003DF08E /* GpsService.swift */ = {isa = PBXFileReference; fileEncoding = 4; lastKnownFileType = sourcecode.swift; path = GpsService.swift; sourceTree = "<group>"; };
		525826AD215B5993003DF08E /* CallbackHandler.swift */ = {isa = PBXFileReference; fileEncoding = 4; lastKnownFileType = sourcecode.swift; path = CallbackHandler.swift; sourceTree = "<group>"; };
		525826AE215B5993003DF08E /* ScannerViewController.swift */ = {isa = PBXFileReference; fileEncoding = 4; lastKnownFileType = sourcecode.swift; path = ScannerViewController.swift; sourceTree = "<group>"; };
		525826AF215B5993003DF08E /* OrderPlaceService.swift */ = {isa = PBXFileReference; fileEncoding = 4; lastKnownFileType = sourcecode.swift; path = OrderPlaceService.swift; sourceTree = "<group>"; };
		525826B1215B5993003DF08E /* .gitkeep */ = {isa = PBXFileReference; fileEncoding = 4; lastKnownFileType = text; path = .gitkeep; sourceTree = "<group>"; };
		525826B2215B5993003DF08E /* OrderPlaceStoryboard.storyboard */ = {isa = PBXFileReference; fileEncoding = 4; lastKnownFileType = file.storyboard; path = OrderPlaceStoryboard.storyboard; sourceTree = "<group>"; };
		525826B3215B5993003DF08E /* AlipaySDK.framework */ = {isa = PBXFileReference; lastKnownFileType = wrapper.framework; path = AlipaySDK.framework; sourceTree = "<group>"; };
		52D2C983215B214000EE85B5 /* testCocoapods-Bridging-Header.h */ = {isa = PBXFileReference; lastKnownFileType = sourcecode.c.h; path = "testCocoapods-Bridging-Header.h"; sourceTree = "<group>"; };
		52D2C988215B229F00EE85B5 /* libc++.tbd */ = {isa = PBXFileReference; lastKnownFileType = "sourcecode.text-based-dylib-definition"; name = "libc++.tbd"; path = "usr/lib/libc++.tbd"; sourceTree = SDKROOT; };
		52D2C98A215B22A700EE85B5 /* libz.tbd */ = {isa = PBXFileReference; lastKnownFileType = "sourcecode.text-based-dylib-definition"; name = libz.tbd; path = usr/lib/libz.tbd; sourceTree = SDKROOT; };
		52D2C98C215B22AD00EE85B5 /* SystemConfiguration.framework */ = {isa = PBXFileReference; lastKnownFileType = wrapper.framework; name = SystemConfiguration.framework; path = System/Library/Frameworks/SystemConfiguration.framework; sourceTree = SDKROOT; };
		52D2C98E215B22B400EE85B5 /* CoreTelephony.framework */ = {isa = PBXFileReference; lastKnownFileType = wrapper.framework; name = CoreTelephony.framework; path = System/Library/Frameworks/CoreTelephony.framework; sourceTree = SDKROOT; };
		52D2C990215B22BA00EE85B5 /* QuartzCore.framework */ = {isa = PBXFileReference; lastKnownFileType = wrapper.framework; name = QuartzCore.framework; path = System/Library/Frameworks/QuartzCore.framework; sourceTree = SDKROOT; };
		52D2C992215B22C000EE85B5 /* CoreText.framework */ = {isa = PBXFileReference; lastKnownFileType = wrapper.framework; name = CoreText.framework; path = System/Library/Frameworks/CoreText.framework; sourceTree = SDKROOT; };
		52D2C994215B22C600EE85B5 /* CoreGraphics.framework */ = {isa = PBXFileReference; lastKnownFileType = wrapper.framework; name = CoreGraphics.framework; path = System/Library/Frameworks/CoreGraphics.framework; sourceTree = SDKROOT; };
		52D2C996215B22CB00EE85B5 /* UIKit.framework */ = {isa = PBXFileReference; lastKnownFileType = wrapper.framework; name = UIKit.framework; path = System/Library/Frameworks/UIKit.framework; sourceTree = SDKROOT; };
		52D2C998215B22D100EE85B5 /* Foundation.framework */ = {isa = PBXFileReference; lastKnownFileType = wrapper.framework; name = Foundation.framework; path = System/Library/Frameworks/Foundation.framework; sourceTree = SDKROOT; };
		52D2C99A215B22E400EE85B5 /* CFNetwork.framework */ = {isa = PBXFileReference; lastKnownFileType = wrapper.framework; name = CFNetwork.framework; path = System/Library/Frameworks/CFNetwork.framework; sourceTree = SDKROOT; };
		52D2C99C215B22EC00EE85B5 /* CoreMotion.framework */ = {isa = PBXFileReference; lastKnownFileType = wrapper.framework; name = CoreMotion.framework; path = System/Library/Frameworks/CoreMotion.framework; sourceTree = SDKROOT; };
/* End PBXFileReference section */

/* Begin PBXFrameworksBuildPhase section */
		5245F7BC215A94A80019ECD0 /* Frameworks */ = {
			isa = PBXFrameworksBuildPhase;
			buildActionMask = 2147483647;
			files = (
				52D2C99D215B22EC00EE85B5 /* CoreMotion.framework in Frameworks */,
				52D2C99B215B22E400EE85B5 /* CFNetwork.framework in Frameworks */,
				52D2C999215B22D200EE85B5 /* Foundation.framework in Frameworks */,
				52D2C997215B22CB00EE85B5 /* UIKit.framework in Frameworks */,
				52D2C995215B22C600EE85B5 /* CoreGraphics.framework in Frameworks */,
				525826C1215B5993003DF08E /* AlipaySDK.framework in Frameworks */,
				52D2C993215B22C000EE85B5 /* CoreText.framework in Frameworks */,
				52D2C991215B22BA00EE85B5 /* QuartzCore.framework in Frameworks */,
				52D2C98F215B22B400EE85B5 /* CoreTelephony.framework in Frameworks */,
				52D2C98D215B22AD00EE85B5 /* SystemConfiguration.framework in Frameworks */,
				52D2C98B215B22A700EE85B5 /* libz.tbd in Frameworks */,
				52D2C989215B229F00EE85B5 /* libc++.tbd in Frameworks */,
			);
			runOnlyForDeploymentPostprocessing = 0;
		};
/* End PBXFrameworksBuildPhase section */

/* Begin PBXGroup section */
		5245F7B6215A94A80019ECD0 = {
			isa = PBXGroup;
			children = (
				525826A1215B5993003DF08E /* OrderPlaceSdkDemo */,
				5245F7C1215A94A80019ECD0 /* testCocoapods */,
				5245F7C0215A94A80019ECD0 /* Products */,
				52D2C987215B229F00EE85B5 /* Frameworks */,
			);
			sourceTree = "<group>";
		};
		5245F7C0215A94A80019ECD0 /* Products */ = {
			isa = PBXGroup;
			children = (
				5245F7BF215A94A80019ECD0 /* testCocoapods.app */,
			);
			name = Products;
			sourceTree = "<group>";
		};
		5245F7C1215A94A80019ECD0 /* testCocoapods */ = {
			isa = PBXGroup;
			children = (
				5245F7C2215A94A80019ECD0 /* AppDelegate.swift */,
				5245F7C4215A94A80019ECD0 /* ViewController.swift */,
				5245F7C6215A94A80019ECD0 /* Main.storyboard */,
				5245F7C9215A94A80019ECD0 /* Assets.xcassets */,
				5245F7CB215A94A80019ECD0 /* LaunchScreen.storyboard */,
				5245F7CE215A94A80019ECD0 /* Info.plist */,
			);
			path = testCocoapods;
			sourceTree = "<group>";
		};
		525826A1215B5993003DF08E /* OrderPlaceSdkDemo */ = {
			isa = PBXGroup;
			children = (
				525826A2215B5993003DF08E /* AlipaySDK.bundle */,
				525826A3215B5993003DF08E /* Classes */,
				525826B0215B5993003DF08E /* Assets */,
				525826B3215B5993003DF08E /* AlipaySDK.framework */,
			);
			path = OrderPlaceSdkDemo;
			sourceTree = "<group>";
		};
		525826A3215B5993003DF08E /* Classes */ = {
			isa = PBXGroup;
			children = (
				52D2C983215B214000EE85B5 /* testCocoapods-Bridging-Header.h */,
				525826A4215B5993003DF08E /* OrderPlace.swift */,
				525826A5215B5993003DF08E /* OrderViewController.swift */,
				525826A6215B5993003DF08E /* ConfigService.swift */,
				525826A7215B5993003DF08E /* .gitkeep */,
				525826A8215B5993003DF08E /* alipay */,
				525826AA215B5993003DF08E /* scan */,
				525826AC215B5993003DF08E /* GpsService.swift */,
				525826AD215B5993003DF08E /* CallbackHandler.swift */,
				525826AE215B5993003DF08E /* ScannerViewController.swift */,
				525826AF215B5993003DF08E /* OrderPlaceService.swift */,
			);
			path = Classes;
			sourceTree = "<group>";
		};
		525826A8215B5993003DF08E /* alipay */ = {
			isa = PBXGroup;
			children = (
				525826A9215B5993003DF08E /* AlipayService.swift */,
			);
			path = alipay;
			sourceTree = "<group>";
		};
		525826AA215B5993003DF08E /* scan */ = {
			isa = PBXGroup;
			children = (
				525826AB215B5993003DF08E /* ScannerService.swift */,
			);
			path = scan;
			sourceTree = "<group>";
		};
		525826B0215B5993003DF08E /* Assets */ = {
			isa = PBXGroup;
			children = (
				525826B1215B5993003DF08E /* .gitkeep */,
				525826B2215B5993003DF08E /* OrderPlaceStoryboard.storyboard */,
			);
			path = Assets;
			sourceTree = "<group>";
		};
		52D2C987215B229F00EE85B5 /* Frameworks */ = {
			isa = PBXGroup;
			children = (
				52D2C99C215B22EC00EE85B5 /* CoreMotion.framework */,
				52D2C99A215B22E400EE85B5 /* CFNetwork.framework */,
				52D2C998215B22D100EE85B5 /* Foundation.framework */,
				52D2C996215B22CB00EE85B5 /* UIKit.framework */,
				52D2C994215B22C600EE85B5 /* CoreGraphics.framework */,
				52D2C992215B22C000EE85B5 /* CoreText.framework */,
				52D2C990215B22BA00EE85B5 /* QuartzCore.framework */,
				52D2C98E215B22B400EE85B5 /* CoreTelephony.framework */,
				52D2C98C215B22AD00EE85B5 /* SystemConfiguration.framework */,
				52D2C98A215B22A700EE85B5 /* libz.tbd */,
				52D2C988215B229F00EE85B5 /* libc++.tbd */,
			);
			name = Frameworks;
			sourceTree = "<group>";
		};
/* End PBXGroup section */

/* Begin PBXNativeTarget section */
		5245F7BE215A94A80019ECD0 /* testCocoapods */ = {
			isa = PBXNativeTarget;
			buildConfigurationList = 5245F7D1215A94A80019ECD0 /* Build configuration list for PBXNativeTarget "testCocoapods" */;
			buildPhases = (
				5245F7BB215A94A80019ECD0 /* Sources */,
				5245F7BC215A94A80019ECD0 /* Frameworks */,
				5245F7BD215A94A80019ECD0 /* Resources */,
			);
			buildRules = (
			);
			dependencies = (
			);
			name = testCocoapods;
			productName = testCocoapods;
			productReference = 5245F7BF215A94A80019ECD0 /* testCocoapods.app */;
			productType = "com.apple.product-type.application";
		};
/* End PBXNativeTarget section */

/* Begin PBXProject section */
		5245F7B7215A94A80019ECD0 /* Project object */ = {
			isa = PBXProject;
			attributes = {
				LastSwiftUpdateCheck = 0920;
				LastUpgradeCheck = 0920;
				ORGANIZATIONNAME = PeiJueChen;
				TargetAttributes = {
					5245F7BE215A94A80019ECD0 = {
						CreatedOnToolsVersion = 9.2;
						LastSwiftMigration = 0920;
						ProvisioningStyle = Automatic;
					};
				};
			};
			buildConfigurationList = 5245F7BA215A94A80019ECD0 /* Build configuration list for PBXProject "testCocoapods" */;
			compatibilityVersion = "Xcode 8.0";
			developmentRegion = en;
			hasScannedForEncodings = 0;
			knownRegions = (
				en,
				Base,
			);
			mainGroup = 5245F7B6215A94A80019ECD0;
			productRefGroup = 5245F7C0215A94A80019ECD0 /* Products */;
			projectDirPath = "";
			projectRoot = "";
			targets = (
				5245F7BE215A94A80019ECD0 /* testCocoapods */,
			);
		};
/* End PBXProject section */

/* Begin PBXResourcesBuildPhase section */
		5245F7BD215A94A80019ECD0 /* Resources */ = {
			isa = PBXResourcesBuildPhase;
			buildActionMask = 2147483647;
			files = (
				5245F7CD215A94A80019ECD0 /* LaunchScreen.storyboard in Resources */,
				525826C0215B5993003DF08E /* OrderPlaceStoryboard.storyboard in Resources */,
				5245F7CA215A94A80019ECD0 /* Assets.xcassets in Resources */,
				525826B8215B5993003DF08E /* .gitkeep in Resources */,
				525826BF215B5993003DF08E /* .gitkeep in Resources */,
				525826B4215B5993003DF08E /* AlipaySDK.bundle in Resources */,
				5245F7C8215A94A80019ECD0 /* Main.storyboard in Resources */,
			);
			runOnlyForDeploymentPostprocessing = 0;
		};
/* End PBXResourcesBuildPhase section */

/* Begin PBXSourcesBuildPhase section */
		5245F7BB215A94A80019ECD0 /* Sources */ = {
			isa = PBXSourcesBuildPhase;
			buildActionMask = 2147483647;
			files = (
				525826BC215B5993003DF08E /* CallbackHandler.swift in Sources */,
				5245F7C5215A94A80019ECD0 /* ViewController.swift in Sources */,
				525826BE215B5993003DF08E /* OrderPlaceService.swift in Sources */,
				525826B5215B5993003DF08E /* OrderPlace.swift in Sources */,
				525826BD215B5993003DF08E /* ScannerViewController.swift in Sources */,
				5245F7C3215A94A80019ECD0 /* AppDelegate.swift in Sources */,
				525826B9215B5993003DF08E /* AlipayService.swift in Sources */,
				525826B6215B5993003DF08E /* OrderViewController.swift in Sources */,
				525826BA215B5993003DF08E /* ScannerService.swift in Sources */,
				525826BB215B5993003DF08E /* GpsService.swift in Sources */,
				525826B7215B5993003DF08E /* ConfigService.swift in Sources */,
			);
			runOnlyForDeploymentPostprocessing = 0;
		};
/* End PBXSourcesBuildPhase section */

/* Begin PBXVariantGroup section */
		5245F7C6215A94A80019ECD0 /* Main.storyboard */ = {
			isa = PBXVariantGroup;
			children = (
				5245F7C7215A94A80019ECD0 /* Base */,
			);
			name = Main.storyboard;
			sourceTree = "<group>";
		};
		5245F7CB215A94A80019ECD0 /* LaunchScreen.storyboard */ = {
			isa = PBXVariantGroup;
			children = (
				5245F7CC215A94A80019ECD0 /* Base */,
			);
			name = LaunchScreen.storyboard;
			sourceTree = "<group>";
		};
/* End PBXVariantGroup section */

/* Begin XCBuildConfiguration section */
		5245F7CF215A94A80019ECD0 /* Debug */ = {
			isa = XCBuildConfiguration;
			buildSettings = {
				ALWAYS_SEARCH_USER_PATHS = NO;
				CLANG_ANALYZER_NONNULL = YES;
				CLANG_ANALYZER_NUMBER_OBJECT_CONVERSION = YES_AGGRESSIVE;
				CLANG_CXX_LANGUAGE_STANDARD = "gnu++14";
				CLANG_CXX_LIBRARY = "libc++";
				CLANG_ENABLE_MODULES = YES;
				CLANG_ENABLE_OBJC_ARC = YES;
				CLANG_WARN_BLOCK_CAPTURE_AUTORELEASING = YES;
				CLANG_WARN_BOOL_CONVERSION = YES;
				CLANG_WARN_COMMA = YES;
				CLANG_WARN_CONSTANT_CONVERSION = YES;
				CLANG_WARN_DIRECT_OBJC_ISA_USAGE = YES_ERROR;
				CLANG_WARN_DOCUMENTATION_COMMENTS = YES;
				CLANG_WARN_EMPTY_BODY = YES;
				CLANG_WARN_ENUM_CONVERSION = YES;
				CLANG_WARN_INFINITE_RECURSION = YES;
				CLANG_WARN_INT_CONVERSION = YES;
				CLANG_WARN_NON_LITERAL_NULL_CONVERSION = YES;
				CLANG_WARN_OBJC_LITERAL_CONVERSION = YES;
				CLANG_WARN_OBJC_ROOT_CLASS = YES_ERROR;
				CLANG_WARN_RANGE_LOOP_ANALYSIS = YES;
				CLANG_WARN_STRICT_PROTOTYPES = YES;
				CLANG_WARN_SUSPICIOUS_MOVE = YES;
				CLANG_WARN_UNGUARDED_AVAILABILITY = YES_AGGRESSIVE;
				CLANG_WARN_UNREACHABLE_CODE = YES;
				CLANG_WARN__DUPLICATE_METHOD_MATCH = YES;
				CODE_SIGN_IDENTITY = "iPhone Developer";
				COPY_PHASE_STRIP = NO;
				DEBUG_INFORMATION_FORMAT = dwarf;
				ENABLE_STRICT_OBJC_MSGSEND = YES;
				ENABLE_TESTABILITY = YES;
				GCC_C_LANGUAGE_STANDARD = gnu11;
				GCC_DYNAMIC_NO_PIC = NO;
				GCC_NO_COMMON_BLOCKS = YES;
				GCC_OPTIMIZATION_LEVEL = 0;
				GCC_PREPROCESSOR_DEFINITIONS = (
					"DEBUG=1",
					"$(inherited)",
				);
				GCC_WARN_64_TO_32_BIT_CONVERSION = YES;
				GCC_WARN_ABOUT_RETURN_TYPE = YES_ERROR;
				GCC_WARN_UNDECLARED_SELECTOR = YES;
				GCC_WARN_UNINITIALIZED_AUTOS = YES_AGGRESSIVE;
				GCC_WARN_UNUSED_FUNCTION = YES;
				GCC_WARN_UNUSED_VARIABLE = YES;
				IPHONEOS_DEPLOYMENT_TARGET = 9.0;
				MTL_ENABLE_DEBUG_INFO = YES;
				ONLY_ACTIVE_ARCH = YES;
				SDKROOT = iphoneos;
				SWIFT_ACTIVE_COMPILATION_CONDITIONS = DEBUG;
				SWIFT_OPTIMIZATION_LEVEL = "-Onone";
			};
			name = Debug;
		};
		5245F7D0215A94A80019ECD0 /* Release */ = {
			isa = XCBuildConfiguration;
			buildSettings = {
				ALWAYS_SEARCH_USER_PATHS = NO;
				CLANG_ANALYZER_NONNULL = YES;
				CLANG_ANALYZER_NUMBER_OBJECT_CONVERSION = YES_AGGRESSIVE;
				CLANG_CXX_LANGUAGE_STANDARD = "gnu++14";
				CLANG_CXX_LIBRARY = "libc++";
				CLANG_ENABLE_MODULES = YES;
				CLANG_ENABLE_OBJC_ARC = YES;
				CLANG_WARN_BLOCK_CAPTURE_AUTORELEASING = YES;
				CLANG_WARN_BOOL_CONVERSION = YES;
				CLANG_WARN_COMMA = YES;
				CLANG_WARN_CONSTANT_CONVERSION = YES;
				CLANG_WARN_DIRECT_OBJC_ISA_USAGE = YES_ERROR;
				CLANG_WARN_DOCUMENTATION_COMMENTS = YES;
				CLANG_WARN_EMPTY_BODY = YES;
				CLANG_WARN_ENUM_CONVERSION = YES;
				CLANG_WARN_INFINITE_RECURSION = YES;
				CLANG_WARN_INT_CONVERSION = YES;
				CLANG_WARN_NON_LITERAL_NULL_CONVERSION = YES;
				CLANG_WARN_OBJC_LITERAL_CONVERSION = YES;
				CLANG_WARN_OBJC_ROOT_CLASS = YES_ERROR;
				CLANG_WARN_RANGE_LOOP_ANALYSIS = YES;
				CLANG_WARN_STRICT_PROTOTYPES = YES;
				CLANG_WARN_SUSPICIOUS_MOVE = YES;
				CLANG_WARN_UNGUARDED_AVAILABILITY = YES_AGGRESSIVE;
				CLANG_WARN_UNREACHABLE_CODE = YES;
				CLANG_WARN__DUPLICATE_METHOD_MATCH = YES;
				CODE_SIGN_IDENTITY = "iPhone Developer";
				COPY_PHASE_STRIP = NO;
				DEBUG_INFORMATION_FORMAT = "dwarf-with-dsym";
				ENABLE_NS_ASSERTIONS = NO;
				ENABLE_STRICT_OBJC_MSGSEND = YES;
				GCC_C_LANGUAGE_STANDARD = gnu11;
				GCC_NO_COMMON_BLOCKS = YES;
				GCC_WARN_64_TO_32_BIT_CONVERSION = YES;
				GCC_WARN_ABOUT_RETURN_TYPE = YES_ERROR;
				GCC_WARN_UNDECLARED_SELECTOR = YES;
				GCC_WARN_UNINITIALIZED_AUTOS = YES_AGGRESSIVE;
				GCC_WARN_UNUSED_FUNCTION = YES;
				GCC_WARN_UNUSED_VARIABLE = YES;
				IPHONEOS_DEPLOYMENT_TARGET = 9.0;
				MTL_ENABLE_DEBUG_INFO = NO;
				SDKROOT = iphoneos;
				SWIFT_OPTIMIZATION_LEVEL = "-Owholemodule";
				VALIDATE_PRODUCT = YES;
			};
			name = Release;
		};
		5245F7D2215A94A80019ECD0 /* Debug */ = {
			isa = XCBuildConfiguration;
			buildSettings = {
				ASSETCATALOG_COMPILER_APPICON_NAME = AppIcon;
				CLANG_ENABLE_MODULES = YES;
				CODE_SIGN_STYLE = Automatic;
				DEVELOPMENT_TEAM = 9Q6U2EWTRL;
				FRAMEWORK_SEARCH_PATHS = (
					"$(inherited)",
					"$(PROJECT_DIR)/testCocoapods/Classes",
					"$(PROJECT_DIR)/testCocoapods/Classes/OrderPlaceSdk/Classes/alipay",
					"$(PROJECT_DIR)/OrderPlaceSdk/Classes/alipay",
					"$(PROJECT_DIR)",
					"$(PROJECT_DIR)/OrderPlaceSdk",
					"$(PROJECT_DIR)/OrderPlaceSdkDemo",
				);
				HEADER_SEARCH_PATHS = "$(SRCROOT)/testCocoapods";
				INFOPLIST_FILE = testCocoapods/Info.plist;
				LD_RUNPATH_SEARCH_PATHS = "$(inherited) @executable_path/Frameworks";
				PRODUCT_BUNDLE_IDENTIFIER = peijue.chen;
				PRODUCT_NAME = "$(TARGET_NAME)";
				SWIFT_OBJC_BRIDGING_HEADER = "testCocoapods/testCocoapods-Bridging-Header.h";
				SWIFT_OPTIMIZATION_LEVEL = "-Onone";
				SWIFT_VERSION = 4.0;
				TARGETED_DEVICE_FAMILY = "1,2";
			};
			name = Debug;
		};
		5245F7D3215A94A80019ECD0 /* Release */ = {
			isa = XCBuildConfiguration;
			buildSettings = {
				ASSETCATALOG_COMPILER_APPICON_NAME = AppIcon;
				CLANG_ENABLE_MODULES = YES;
				CODE_SIGN_STYLE = Automatic;
				DEVELOPMENT_TEAM = 9Q6U2EWTRL;
				FRAMEWORK_SEARCH_PATHS = (
					"$(inherited)",
					"$(PROJECT_DIR)/testCocoapods/Classes",
					"$(PROJECT_DIR)/testCocoapods/Classes/OrderPlaceSdk/Classes/alipay",
					"$(PROJECT_DIR)/OrderPlaceSdk/Classes/alipay",
					"$(PROJECT_DIR)",
					"$(PROJECT_DIR)/OrderPlaceSdk",
					"$(PROJECT_DIR)/OrderPlaceSdkDemo",
				);
				HEADER_SEARCH_PATHS = "$(SRCROOT)/testCocoapods";
				INFOPLIST_FILE = testCocoapods/Info.plist;
				LD_RUNPATH_SEARCH_PATHS = "$(inherited) @executable_path/Frameworks";
				PRODUCT_BUNDLE_IDENTIFIER = peijue.chen;
				PRODUCT_NAME = "$(TARGET_NAME)";
				SWIFT_OBJC_BRIDGING_HEADER = "testCocoapods/testCocoapods-Bridging-Header.h";
				SWIFT_VERSION = 4.0;
				TARGETED_DEVICE_FAMILY = "1,2";
			};
			name = Release;
		};
/* End XCBuildConfiguration section */

/* Begin XCConfigurationList section */
		5245F7BA215A94A80019ECD0 /* Build configuration list for PBXProject "testCocoapods" */ = {
			isa = XCConfigurationList;
			buildConfigurations = (
				5245F7CF215A94A80019ECD0 /* Debug */,
				5245F7D0215A94A80019ECD0 /* Release */,
			);
			defaultConfigurationIsVisible = 0;
			defaultConfigurationName = Release;
		};
		5245F7D1215A94A80019ECD0 /* Build configuration list for PBXNativeTarget "testCocoapods" */ = {
			isa = XCConfigurationList;
			buildConfigurations = (
				5245F7D2215A94A80019ECD0 /* Debug */,
				5245F7D3215A94A80019ECD0 /* Release */,
			);
			defaultConfigurationIsVisible = 0;
			defaultConfigurationName = Release;
		};
/* End XCConfigurationList section */
	};
	rootObject = 5245F7B7215A94A80019ECD0 /* Project object */;
}
